
Microsoft Visual Studio Solution File, Format Version 12.00
# Visual Studio Version 16
VisualStudioVersion = 16.0.29905.134
MinimumVisualStudioVersion = 10.0.40219.1
Project("{FAE04EC0-301F-11D3-BF4B-00C04F79EFBC}") = "WindowsFormsApp1", "WindowsFormsApp1\WindowsFormsApp1.csproj", "{AE9773C6-D8E7-4D4E-B4FC-C6526971F75F}"
EndProject
Global
	GlobalSection(SolutionConfigurationPlatforms) = preSolution
		Debug|Any CPU = Debug|Any CPU
		Release|Any CPU = Release|Any CPU
	EndGlobalSection
	GlobalSection(ProjectConfigurationPlatforms) = postSolution
		{AE9773C6-D8E7-4D4E-B4FC-C6526971F75F}.Debug|Any CPU.ActiveCfg = Debug|Any CPU
		{AE9773C6-D8E7-4D4E-B4FC-C6526971F75F}.Debug|Any CPU.Build.0 = Debug|Any CPU
		{AE9773C6-D8E7-4D4E-B4FC-C6526971F75F}.Release|Any CPU.ActiveCfg = Release|Any CPU
		{AE9773C6-D8E7-4D4E-B4FC-C6526971F75F}.Release|Any CPU.Build.0 = Release|Any CPU
	EndGlobalSection
	GlobalSection(SolutionProperties) = preSolution
		HideSolutionNode = FALSE
	EndGlobalSection
	GlobalSection(ExtensibilityGlobals) = postSolution
		SolutionGuid = {CAAF93AD-6F3A-42AF-AA70-19F5F5BE5A33}
	EndGlobalSection
EndGlobal
